
Microsoft Visual Studio Solution File, Format Version 12.00
# Visual Studio Version 17
VisualStudioVersion = 17.8.34316.72
MinimumVisualStudioVersion = 10.0.40219.1
Project("{FAE04EC0-301F-11D3-BF4B-00C04F79EFBC}") = "EFCore_Project1", "EFCore_Project1\EFCore_Project1.csproj", "{0A5FADCE-B9C7-47B6-BC2A-15FB588A7B65}"
EndProject
Global
	GlobalSection(SolutionConfigurationPlatforms) = preSolution
		Debug|Any CPU = Debug|Any CPU
		Release|Any CPU = Release|Any CPU
	EndGlobalSection
	GlobalSection(ProjectConfigurationPlatforms) = postSolution
		{0A5FADCE-B9C7-47B6-BC2A-15FB588A7B65}.Debug|Any CPU.ActiveCfg = Debug|Any CPU
		{0A5FADCE-B9C7-47B6-BC2A-15FB588A7B65}.Debug|Any CPU.Build.0 = Debug|Any CPU
		{0A5FADCE-B9C7-47B6-BC2A-15FB588A7B65}.Release|Any CPU.ActiveCfg = Release|Any CPU
		{0A5FADCE-B9C7-47B6-BC2A-15FB588A7B65}.Release|Any CPU.Build.0 = Release|Any CPU
	EndGlobalSection
	GlobalSection(SolutionProperties) = preSolution
		HideSolutionNode = FALSE
	EndGlobalSection
	GlobalSection(ExtensibilityGlobals) = postSolution
		SolutionGuid = {34673F12-F725-47DA-9320-A68776CC2711}
	EndGlobalSection
EndGlobal
